// !$*UTF8*$!
{
	archiveVersion = 1;
	classes = {
	};
	objectVersion = 55;
	objects = {

/* Begin PBXBuildFile section */
		B6FF771193533AD40517D20D /* Pods_DemoMVVM.framework in Frameworks */ = {isa = PBXBuildFile; fileRef = B3444E95D0C0858EED426C31 /* Pods_DemoMVVM.framework */; };
		C6EAB71728A815D5000E7AF4 /* AppDelegate.swift in Sources */ = {isa = PBXBuildFile; fileRef = C6EAB71628A815D5000E7AF4 /* AppDelegate.swift */; };
		C6EAB71928A815D5000E7AF4 /* SceneDelegate.swift in Sources */ = {isa = PBXBuildFile; fileRef = C6EAB71828A815D5000E7AF4 /* SceneDelegate.swift */; };
		C6EAB72E28A815D6000E7AF4 /* DemoMVVMTests.swift in Sources */ = {isa = PBXBuildFile; fileRef = C6EAB72D28A815D6000E7AF4 /* DemoMVVMTests.swift */; };
		C6EAB73828A815D6000E7AF4 /* DemoMVVMUITests.swift in Sources */ = {isa = PBXBuildFile; fileRef = C6EAB73728A815D6000E7AF4 /* DemoMVVMUITests.swift */; };
		C6EAB73A28A815D6000E7AF4 /* DemoMVVMUITestsLaunchTests.swift in Sources */ = {isa = PBXBuildFile; fileRef = C6EAB73928A815D6000E7AF4 /* DemoMVVMUITestsLaunchTests.swift */; };
		C6EAB76B28A82460000E7AF4 /* UIView+Extension.swift in Sources */ = {isa = PBXBuildFile; fileRef = C6EAB75C28A82460000E7AF4 /* UIView+Extension.swift */; };
		C6EAB76C28A82460000E7AF4 /* UIViewController+Extension.swift in Sources */ = {isa = PBXBuildFile; fileRef = C6EAB75D28A82460000E7AF4 /* UIViewController+Extension.swift */; };
		C6EAB76D28A82460000E7AF4 /* String+Extension.swift in Sources */ = {isa = PBXBuildFile; fileRef = C6EAB75E28A82460000E7AF4 /* String+Extension.swift */; };
		C6EAB76E28A82460000E7AF4 /* UITableView+Extension.swift in Sources */ = {isa = PBXBuildFile; fileRef = C6EAB75F28A82460000E7AF4 /* UITableView+Extension.swift */; };
		C6EAB76F28A82460000E7AF4 /* AppColors.swift in Sources */ = {isa = PBXBuildFile; fileRef = C6EAB76128A82460000E7AF4 /* AppColors.swift */; };
		C6EAB77028A82460000E7AF4 /* AppImages.swift in Sources */ = {isa = PBXBuildFile; fileRef = C6EAB76228A82460000E7AF4 /* AppImages.swift */; };
		C6EAB77128A82460000E7AF4 /* Storyboard.swift in Sources */ = {isa = PBXBuildFile; fileRef = C6EAB76328A82460000E7AF4 /* Storyboard.swift */; };
		C6EAB77228A82460000E7AF4 /* AppEnums.swift in Sources */ = {isa = PBXBuildFile; fileRef = C6EAB76528A82460000E7AF4 /* AppEnums.swift */; };
		C6EAB77328A82460000E7AF4 /* AppConstants.swift in Sources */ = {isa = PBXBuildFile; fileRef = C6EAB76628A82460000E7AF4 /* AppConstants.swift */; };
		C6EAB77428A82460000E7AF4 /* AppLoader.swift in Sources */ = {isa = PBXBuildFile; fileRef = C6EAB76728A82460000E7AF4 /* AppLoader.swift */; };
		C6EAB77528A82460000E7AF4 /* AppFonts.swift in Sources */ = {isa = PBXBuildFile; fileRef = C6EAB76828A82460000E7AF4 /* AppFonts.swift */; };
		C6EAB77628A82460000E7AF4 /* BindingWrapper.swift in Sources */ = {isa = PBXBuildFile; fileRef = C6EAB76A28A82460000E7AF4 /* BindingWrapper.swift */; };
		C6EAB7B028AA926E000E7AF4 /* LaunchScreen.storyboard in Resources */ = {isa = PBXBuildFile; fileRef = C6EAB77E28AA926E000E7AF4 /* LaunchScreen.storyboard */; };
		C6EAB7B128AA926E000E7AF4 /* Main.storyboard in Resources */ = {isa = PBXBuildFile; fileRef = C6EAB78028AA926E000E7AF4 /* Main.storyboard */; };
		C6EAB7B228AA926E000E7AF4 /* LandingViewModel.swift in Sources */ = {isa = PBXBuildFile; fileRef = C6EAB78528AA926E000E7AF4 /* LandingViewModel.swift */; };
		C6EAB7B328AA926E000E7AF4 /* TitleTableViewCell.xib in Resources */ = {isa = PBXBuildFile; fileRef = C6EAB78828AA926E000E7AF4 /* TitleTableViewCell.xib */; };
		C6EAB7B428AA926E000E7AF4 /* TitleTableViewCell.swift in Sources */ = {isa = PBXBuildFile; fileRef = C6EAB78928AA926E000E7AF4 /* TitleTableViewCell.swift */; };
		C6EAB7B528AA926E000E7AF4 /* LandingListVC+UItableViewExtension.swift in Sources */ = {isa = PBXBuildFile; fileRef = C6EAB78B28AA926E000E7AF4 /* LandingListVC+UItableViewExtension.swift */; };
		C6EAB7B628AA926E000E7AF4 /* LandingListVC.swift in Sources */ = {isa = PBXBuildFile; fileRef = C6EAB78C28AA926E000E7AF4 /* LandingListVC.swift */; };
		C6EAB7B728AA926E000E7AF4 /* LandingRouter.swift in Sources */ = {isa = PBXBuildFile; fileRef = C6EAB78E28AA926E000E7AF4 /* LandingRouter.swift */; };
		C6EAB7B828AA926E000E7AF4 /* PullRequestViewModel.swift in Sources */ = {isa = PBXBuildFile; fileRef = C6EAB79228AA926E000E7AF4 /* PullRequestViewModel.swift */; };
		C6EAB7B928AA926E000E7AF4 /* DetailListingViewModel.swift in Sources */ = {isa = PBXBuildFile; fileRef = C6EAB79328AA926E000E7AF4 /* DetailListingViewModel.swift */; };
		C6EAB7BA28AA926E000E7AF4 /* DetailListingCell.xib in Resources */ = {isa = PBXBuildFile; fileRef = C6EAB79528AA926E000E7AF4 /* DetailListingCell.xib */; };
		C6EAB7BB28AA926E000E7AF4 /* DetailListingCell.swift in Sources */ = {isa = PBXBuildFile; fileRef = C6EAB79628AA926E000E7AF4 /* DetailListingCell.swift */; };
		C6EAB7BC28AA926E000E7AF4 /* DetailListingVC.swift in Sources */ = {isa = PBXBuildFile; fileRef = C6EAB79828AA926E000E7AF4 /* DetailListingVC.swift */; };
		C6EAB7BD28AA926E000E7AF4 /* DetailListingVC+UITableViewExtension.swift in Sources */ = {isa = PBXBuildFile; fileRef = C6EAB79928AA926E000E7AF4 /* DetailListingVC+UITableViewExtension.swift */; };
		C6EAB7BE28AA926E000E7AF4 /* BaseVC.swift in Sources */ = {isa = PBXBuildFile; fileRef = C6EAB79A28AA926E000E7AF4 /* BaseVC.swift */; };
		C6EAB7BF28AA926E000E7AF4 /* CustomLabel.swift in Sources */ = {isa = PBXBuildFile; fileRef = C6EAB79D28AA926E000E7AF4 /* CustomLabel.swift */; };
		C6EAB7C028AA926E000E7AF4 /* PRResponse.swift in Sources */ = {isa = PBXBuildFile; fileRef = C6EAB79F28AA926E000E7AF4 /* PRResponse.swift */; };
		C6EAB7C128AA926E000E7AF4 /* ApiConstants.swift in Sources */ = {isa = PBXBuildFile; fileRef = C6EAB7A128AA926E000E7AF4 /* ApiConstants.swift */; };
		C6EAB7C228AA926E000E7AF4 /* NetworkAdapter.swift in Sources */ = {isa = PBXBuildFile; fileRef = C6EAB7A228AA926E000E7AF4 /* NetworkAdapter.swift */; };
		C6EAB7C328AA926E000E7AF4 /* NetworkingEndPoints.swift in Sources */ = {isa = PBXBuildFile; fileRef = C6EAB7A328AA926E000E7AF4 /* NetworkingEndPoints.swift */; };
		C6EAB7C428AA926E000E7AF4 /* WebServices.swift in Sources */ = {isa = PBXBuildFile; fileRef = C6EAB7A428AA926E000E7AF4 /* WebServices.swift */; };
		C6EAB7C528AA926E000E7AF4 /* Assets.xcassets in Resources */ = {isa = PBXBuildFile; fileRef = C6EAB7A628AA926E000E7AF4 /* Assets.xcassets */; };
		C6EAB7C628AA926E000E7AF4 /* Localizable.strings in Resources */ = {isa = PBXBuildFile; fileRef = C6EAB7A728AA926E000E7AF4 /* Localizable.strings */; };
		C6EAB7C728AA926E000E7AF4 /* Poppins-BoldItalic.ttf in Resources */ = {isa = PBXBuildFile; fileRef = C6EAB7AA28AA926E000E7AF4 /* Poppins-BoldItalic.ttf */; };
		C6EAB7C828AA926E000E7AF4 /* Poppins-Medium.ttf in Resources */ = {isa = PBXBuildFile; fileRef = C6EAB7AB28AA926E000E7AF4 /* Poppins-Medium.ttf */; };
		C6EAB7C928AA926E000E7AF4 /* Poppins-Regular.ttf in Resources */ = {isa = PBXBuildFile; fileRef = C6EAB7AC28AA926E000E7AF4 /* Poppins-Regular.ttf */; };
		C6EAB7CA28AA926E000E7AF4 /* Poppins-SemiBold.ttf in Resources */ = {isa = PBXBuildFile; fileRef = C6EAB7AD28AA926E000E7AF4 /* Poppins-SemiBold.ttf */; };
		C6EAB7CB28AA926E000E7AF4 /* Poppins-MediumItalic.ttf in Resources */ = {isa = PBXBuildFile; fileRef = C6EAB7AE28AA926E000E7AF4 /* Poppins-MediumItalic.ttf */; };
/* End PBXBuildFile section */

/* Begin PBXContainerItemProxy section */
		C6EAB72A28A815D6000E7AF4 /* PBXContainerItemProxy */ = {
			isa = PBXContainerItemProxy;
			containerPortal = C6EAB70B28A815D5000E7AF4 /* Project object */;
			proxyType = 1;
			remoteGlobalIDString = C6EAB71228A815D5000E7AF4;
			remoteInfo = DemoMVVM;
		};
		C6EAB73428A815D6000E7AF4 /* PBXContainerItemProxy */ = {
			isa = PBXContainerItemProxy;
			containerPortal = C6EAB70B28A815D5000E7AF4 /* Project object */;
			proxyType = 1;
			remoteGlobalIDString = C6EAB71228A815D5000E7AF4;
			remoteInfo = DemoMVVM;
		};
/* End PBXContainerItemProxy section */

/* Begin PBXFileReference section */
		A4103D73069128F0A967C7E5 /* Pods-DemoMVVM.release.xcconfig */ = {isa = PBXFileReference; includeInIndex = 1; lastKnownFileType = text.xcconfig; name = "Pods-DemoMVVM.release.xcconfig"; path = "Target Support Files/Pods-DemoMVVM/Pods-DemoMVVM.release.xcconfig"; sourceTree = "<group>"; };
		B3444E95D0C0858EED426C31 /* Pods_DemoMVVM.framework */ = {isa = PBXFileReference; explicitFileType = wrapper.framework; includeInIndex = 0; path = Pods_DemoMVVM.framework; sourceTree = BUILT_PRODUCTS_DIR; };
		C6EAB71328A815D5000E7AF4 /* DemoMVVM.app */ = {isa = PBXFileReference; explicitFileType = wrapper.application; includeInIndex = 0; path = DemoMVVM.app; sourceTree = BUILT_PRODUCTS_DIR; };
		C6EAB71628A815D5000E7AF4 /* AppDelegate.swift */ = {isa = PBXFileReference; lastKnownFileType = sourcecode.swift; path = AppDelegate.swift; sourceTree = "<group>"; };
		C6EAB71828A815D5000E7AF4 /* SceneDelegate.swift */ = {isa = PBXFileReference; lastKnownFileType = sourcecode.swift; path = SceneDelegate.swift; sourceTree = "<group>"; };
		C6EAB72928A815D6000E7AF4 /* DemoMVVMTests.xctest */ = {isa = PBXFileReference; explicitFileType = wrapper.cfbundle; includeInIndex = 0; path = DemoMVVMTests.xctest; sourceTree = BUILT_PRODUCTS_DIR; };
		C6EAB72D28A815D6000E7AF4 /* DemoMVVMTests.swift */ = {isa = PBXFileReference; lastKnownFileType = sourcecode.swift; path = DemoMVVMTests.swift; sourceTree = "<group>"; };
		C6EAB73328A815D6000E7AF4 /* DemoMVVMUITests.xctest */ = {isa = PBXFileReference; explicitFileType = wrapper.cfbundle; includeInIndex = 0; path = DemoMVVMUITests.xctest; sourceTree = BUILT_PRODUCTS_DIR; };
		C6EAB73728A815D6000E7AF4 /* DemoMVVMUITests.swift */ = {isa = PBXFileReference; lastKnownFileType = sourcecode.swift; path = DemoMVVMUITests.swift; sourceTree = "<group>"; };
		C6EAB73928A815D6000E7AF4 /* DemoMVVMUITestsLaunchTests.swift */ = {isa = PBXFileReference; lastKnownFileType = sourcecode.swift; path = DemoMVVMUITestsLaunchTests.swift; sourceTree = "<group>"; };
		C6EAB75C28A82460000E7AF4 /* UIView+Extension.swift */ = {isa = PBXFileReference; fileEncoding = 4; lastKnownFileType = sourcecode.swift; path = "UIView+Extension.swift"; sourceTree = "<group>"; };
		C6EAB75D28A82460000E7AF4 /* UIViewController+Extension.swift */ = {isa = PBXFileReference; fileEncoding = 4; lastKnownFileType = sourcecode.swift; path = "UIViewController+Extension.swift"; sourceTree = "<group>"; };
		C6EAB75E28A82460000E7AF4 /* String+Extension.swift */ = {isa = PBXFileReference; fileEncoding = 4; lastKnownFileType = sourcecode.swift; path = "String+Extension.swift"; sourceTree = "<group>"; };
		C6EAB75F28A82460000E7AF4 /* UITableView+Extension.swift */ = {isa = PBXFileReference; fileEncoding = 4; lastKnownFileType = sourcecode.swift; path = "UITableView+Extension.swift"; sourceTree = "<group>"; };
		C6EAB76128A82460000E7AF4 /* AppColors.swift */ = {isa = PBXFileReference; fileEncoding = 4; lastKnownFileType = sourcecode.swift; path = AppColors.swift; sourceTree = "<group>"; };
		C6EAB76228A82460000E7AF4 /* AppImages.swift */ = {isa = PBXFileReference; fileEncoding = 4; lastKnownFileType = sourcecode.swift; path = AppImages.swift; sourceTree = "<group>"; };
		C6EAB76328A82460000E7AF4 /* Storyboard.swift */ = {isa = PBXFileReference; fileEncoding = 4; lastKnownFileType = sourcecode.swift; path = Storyboard.swift; sourceTree = "<group>"; };
		C6EAB76528A82460000E7AF4 /* AppEnums.swift */ = {isa = PBXFileReference; fileEncoding = 4; lastKnownFileType = sourcecode.swift; path = AppEnums.swift; sourceTree = "<group>"; };
		C6EAB76628A82460000E7AF4 /* AppConstants.swift */ = {isa = PBXFileReference; fileEncoding = 4; lastKnownFileType = sourcecode.swift; path = AppConstants.swift; sourceTree = "<group>"; };
		C6EAB76728A82460000E7AF4 /* AppLoader.swift */ = {isa = PBXFileReference; fileEncoding = 4; lastKnownFileType = sourcecode.swift; path = AppLoader.swift; sourceTree = "<group>"; };
		C6EAB76828A82460000E7AF4 /* AppFonts.swift */ = {isa = PBXFileReference; fileEncoding = 4; lastKnownFileType = sourcecode.swift; path = AppFonts.swift; sourceTree = "<group>"; };
		C6EAB76A28A82460000E7AF4 /* BindingWrapper.swift */ = {isa = PBXFileReference; fileEncoding = 4; lastKnownFileType = sourcecode.swift; path = BindingWrapper.swift; sourceTree = "<group>"; };
		C6EAB77F28AA926E000E7AF4 /* Base */ = {isa = PBXFileReference; lastKnownFileType = file.storyboard; name = Base; path = Base.lproj/LaunchScreen.storyboard; sourceTree = "<group>"; };
		C6EAB78128AA926E000E7AF4 /* Base */ = {isa = PBXFileReference; lastKnownFileType = file.storyboard; name = Base; path = Base.lproj/Main.storyboard; sourceTree = "<group>"; };
		C6EAB78528AA926E000E7AF4 /* LandingViewModel.swift */ = {isa = PBXFileReference; fileEncoding = 4; lastKnownFileType = sourcecode.swift; path = LandingViewModel.swift; sourceTree = "<group>"; };
		C6EAB78828AA926E000E7AF4 /* TitleTableViewCell.xib */ = {isa = PBXFileReference; fileEncoding = 4; lastKnownFileType = file.xib; path = TitleTableViewCell.xib; sourceTree = "<group>"; };
		C6EAB78928AA926E000E7AF4 /* TitleTableViewCell.swift */ = {isa = PBXFileReference; fileEncoding = 4; lastKnownFileType = sourcecode.swift; path = TitleTableViewCell.swift; sourceTree = "<group>"; };
		C6EAB78B28AA926E000E7AF4 /* LandingListVC+UItableViewExtension.swift */ = {isa = PBXFileReference; fileEncoding = 4; lastKnownFileType = sourcecode.swift; path = "LandingListVC+UItableViewExtension.swift"; sourceTree = "<group>"; };
		C6EAB78C28AA926E000E7AF4 /* LandingListVC.swift */ = {isa = PBXFileReference; fileEncoding = 4; lastKnownFileType = sourcecode.swift; path = LandingListVC.swift; sourceTree = "<group>"; };
		C6EAB78E28AA926E000E7AF4 /* LandingRouter.swift */ = {isa = PBXFileReference; fileEncoding = 4; lastKnownFileType = sourcecode.swift; path = LandingRouter.swift; sourceTree = "<group>"; };
		C6EAB79228AA926E000E7AF4 /* PullRequestViewModel.swift */ = {isa = PBXFileReference; fileEncoding = 4; lastKnownFileType = sourcecode.swift; path = PullRequestViewModel.swift; sourceTree = "<group>"; };
		C6EAB79328AA926E000E7AF4 /* DetailListingViewModel.swift */ = {isa = PBXFileReference; fileEncoding = 4; lastKnownFileType = sourcecode.swift; path = DetailListingViewModel.swift; sourceTree = "<group>"; };
		C6EAB79528AA926E000E7AF4 /* DetailListingCell.xib */ = {isa = PBXFileReference; fileEncoding = 4; lastKnownFileType = file.xib; path = DetailListingCell.xib; sourceTree = "<group>"; };
		C6EAB79628AA926E000E7AF4 /* DetailListingCell.swift */ = {isa = PBXFileReference; fileEncoding = 4; lastKnownFileType = sourcecode.swift; path = DetailListingCell.swift; sourceTree = "<group>"; };
		C6EAB79828AA926E000E7AF4 /* DetailListingVC.swift */ = {isa = PBXFileReference; fileEncoding = 4; lastKnownFileType = sourcecode.swift; path = DetailListingVC.swift; sourceTree = "<group>"; };
		C6EAB79928AA926E000E7AF4 /* DetailListingVC+UITableViewExtension.swift */ = {isa = PBXFileReference; fileEncoding = 4; lastKnownFileType = sourcecode.swift; path = "DetailListingVC+UITableViewExtension.swift"; sourceTree = "<group>"; };
		C6EAB79A28AA926E000E7AF4 /* BaseVC.swift */ = {isa = PBXFileReference; fileEncoding = 4; lastKnownFileType = sourcecode.swift; path = BaseVC.swift; sourceTree = "<group>"; };
		C6EAB79D28AA926E000E7AF4 /* CustomLabel.swift */ = {isa = PBXFileReference; fileEncoding = 4; lastKnownFileType = sourcecode.swift; path = CustomLabel.swift; sourceTree = "<group>"; };
		C6EAB79F28AA926E000E7AF4 /* PRResponse.swift */ = {isa = PBXFileReference; fileEncoding = 4; lastKnownFileType = sourcecode.swift; path = PRResponse.swift; sourceTree = "<group>"; };
		C6EAB7A128AA926E000E7AF4 /* ApiConstants.swift */ = {isa = PBXFileReference; fileEncoding = 4; lastKnownFileType = sourcecode.swift; path = ApiConstants.swift; sourceTree = "<group>"; };
		C6EAB7A228AA926E000E7AF4 /* NetworkAdapter.swift */ = {isa = PBXFileReference; fileEncoding = 4; lastKnownFileType = sourcecode.swift; path = NetworkAdapter.swift; sourceTree = "<group>"; };
		C6EAB7A328AA926E000E7AF4 /* NetworkingEndPoints.swift */ = {isa = PBXFileReference; fileEncoding = 4; lastKnownFileType = sourcecode.swift; path = NetworkingEndPoints.swift; sourceTree = "<group>"; };
		C6EAB7A428AA926E000E7AF4 /* WebServices.swift */ = {isa = PBXFileReference; fileEncoding = 4; lastKnownFileType = sourcecode.swift; path = WebServices.swift; sourceTree = "<group>"; };
		C6EAB7A628AA926E000E7AF4 /* Assets.xcassets */ = {isa = PBXFileReference; lastKnownFileType = folder.assetcatalog; path = Assets.xcassets; sourceTree = "<group>"; };
		C6EAB7A728AA926E000E7AF4 /* Localizable.strings */ = {isa = PBXFileReference; fileEncoding = 4; lastKnownFileType = text.plist.strings; path = Localizable.strings; sourceTree = "<group>"; };
		C6EAB7AA28AA926E000E7AF4 /* Poppins-BoldItalic.ttf */ = {isa = PBXFileReference; lastKnownFileType = file; path = "Poppins-BoldItalic.ttf"; sourceTree = "<group>"; };
		C6EAB7AB28AA926E000E7AF4 /* Poppins-Medium.ttf */ = {isa = PBXFileReference; lastKnownFileType = file; path = "Poppins-Medium.ttf"; sourceTree = "<group>"; };
		C6EAB7AC28AA926E000E7AF4 /* Poppins-Regular.ttf */ = {isa = PBXFileReference; lastKnownFileType = file; path = "Poppins-Regular.ttf"; sourceTree = "<group>"; };
		C6EAB7AD28AA926E000E7AF4 /* Poppins-SemiBold.ttf */ = {isa = PBXFileReference; lastKnownFileType = file; path = "Poppins-SemiBold.ttf"; sourceTree = "<group>"; };
		C6EAB7AE28AA926E000E7AF4 /* Poppins-MediumItalic.ttf */ = {isa = PBXFileReference; lastKnownFileType = file; path = "Poppins-MediumItalic.ttf"; sourceTree = "<group>"; };
		C6EAB7AF28AA926E000E7AF4 /* Info.plist */ = {isa = PBXFileReference; fileEncoding = 4; lastKnownFileType = text.plist.xml; path = Info.plist; sourceTree = "<group>"; };
		FF6E55E896B0B5AAD4D30DEA /* Pods-DemoMVVM.debug.xcconfig */ = {isa = PBXFileReference; includeInIndex = 1; lastKnownFileType = text.xcconfig; name = "Pods-DemoMVVM.debug.xcconfig"; path = "Target Support Files/Pods-DemoMVVM/Pods-DemoMVVM.debug.xcconfig"; sourceTree = "<group>"; };
/* End PBXFileReference section */

/* Begin PBXFrameworksBuildPhase section */
		C6EAB71028A815D5000E7AF4 /* Frameworks */ = {
			isa = PBXFrameworksBuildPhase;
			buildActionMask = 2147483647;
			files = (
				B6FF771193533AD40517D20D /* Pods_DemoMVVM.framework in Frameworks */,
			);
			runOnlyForDeploymentPostprocessing = 0;
		};
		C6EAB72628A815D6000E7AF4 /* Frameworks */ = {
			isa = PBXFrameworksBuildPhase;
			buildActionMask = 2147483647;
			files = (
			);
			runOnlyForDeploymentPostprocessing = 0;
		};
		C6EAB73028A815D6000E7AF4 /* Frameworks */ = {
			isa = PBXFrameworksBuildPhase;
			buildActionMask = 2147483647;
			files = (
			);
			runOnlyForDeploymentPostprocessing = 0;
		};
/* End PBXFrameworksBuildPhase section */

/* Begin PBXGroup section */
		9C629BF50C8BB72BC14EA27C /* Frameworks */ = {
			isa = PBXGroup;
			children = (
				B3444E95D0C0858EED426C31 /* Pods_DemoMVVM.framework */,
			);
			name = Frameworks;
			sourceTree = "<group>";
		};
		C6EAB70A28A815D5000E7AF4 = {
			isa = PBXGroup;
			children = (
				C6EAB71528A815D5000E7AF4 /* DemoMVVM */,
				C6EAB72C28A815D6000E7AF4 /* DemoMVVMTests */,
				C6EAB73628A815D6000E7AF4 /* DemoMVVMUITests */,
				C6EAB71428A815D5000E7AF4 /* Products */,
				CB8C86611A7A3C182FD9B943 /* Pods */,
				9C629BF50C8BB72BC14EA27C /* Frameworks */,
			);
			sourceTree = "<group>";
		};
		C6EAB71428A815D5000E7AF4 /* Products */ = {
			isa = PBXGroup;
			children = (
				C6EAB71328A815D5000E7AF4 /* DemoMVVM.app */,
				C6EAB72928A815D6000E7AF4 /* DemoMVVMTests.xctest */,
				C6EAB73328A815D6000E7AF4 /* DemoMVVMUITests.xctest */,
			);
			name = Products;
			sourceTree = "<group>";
		};
		C6EAB71528A815D5000E7AF4 /* DemoMVVM */ = {
			isa = PBXGroup;
			children = (
				C6EAB74628A82303000E7AF4 /* App+Scene[Delegates] */,
				C6EAB7A528AA926E000E7AF4 /* Resources */,
				C6EAB75A28A82460000E7AF4 /* Helpers */,
				C6EAB7A028AA926E000E7AF4 /* Networking */,
				C6EAB79E28AA926E000E7AF4 /* Model */,
				C6EAB77C28AA926E000E7AF4 /* Views */,
			);
			path = DemoMVVM;
			sourceTree = "<group>";
		};
		C6EAB72C28A815D6000E7AF4 /* DemoMVVMTests */ = {
			isa = PBXGroup;
			children = (
				C6EAB72D28A815D6000E7AF4 /* DemoMVVMTests.swift */,
			);
			path = DemoMVVMTests;
			sourceTree = "<group>";
		};
		C6EAB73628A815D6000E7AF4 /* DemoMVVMUITests */ = {
			isa = PBXGroup;
			children = (
				C6EAB73728A815D6000E7AF4 /* DemoMVVMUITests.swift */,
				C6EAB73928A815D6000E7AF4 /* DemoMVVMUITestsLaunchTests.swift */,
			);
			path = DemoMVVMUITests;
			sourceTree = "<group>";
		};
		C6EAB74628A82303000E7AF4 /* App+Scene[Delegates] */ = {
			isa = PBXGroup;
			children = (
				C6EAB71628A815D5000E7AF4 /* AppDelegate.swift */,
				C6EAB71828A815D5000E7AF4 /* SceneDelegate.swift */,
			);
			path = "App+Scene[Delegates]";
			sourceTree = "<group>";
		};
		C6EAB75A28A82460000E7AF4 /* Helpers */ = {
			isa = PBXGroup;
			children = (
				C6EAB75B28A82460000E7AF4 /* Extensions */,
				C6EAB76028A82460000E7AF4 /* Utilities */,
				C6EAB76928A82460000E7AF4 /* Reusables */,
			);
			path = Helpers;
			sourceTree = "<group>";
		};
		C6EAB75B28A82460000E7AF4 /* Extensions */ = {
			isa = PBXGroup;
			children = (
				C6EAB75C28A82460000E7AF4 /* UIView+Extension.swift */,
				C6EAB75D28A82460000E7AF4 /* UIViewController+Extension.swift */,
				C6EAB75E28A82460000E7AF4 /* String+Extension.swift */,
				C6EAB75F28A82460000E7AF4 /* UITableView+Extension.swift */,
			);
			path = Extensions;
			sourceTree = "<group>";
		};
		C6EAB76028A82460000E7AF4 /* Utilities */ = {
			isa = PBXGroup;
			children = (
				C6EAB76428A82460000E7AF4 /* AppEnums */,
				C6EAB76128A82460000E7AF4 /* AppColors.swift */,
				C6EAB76228A82460000E7AF4 /* AppImages.swift */,
				C6EAB76328A82460000E7AF4 /* Storyboard.swift */,
				C6EAB76628A82460000E7AF4 /* AppConstants.swift */,
				C6EAB76728A82460000E7AF4 /* AppLoader.swift */,
				C6EAB76828A82460000E7AF4 /* AppFonts.swift */,
			);
			path = Utilities;
			sourceTree = "<group>";
		};
		C6EAB76428A82460000E7AF4 /* AppEnums */ = {
			isa = PBXGroup;
			children = (
				C6EAB76528A82460000E7AF4 /* AppEnums.swift */,
			);
			path = AppEnums;
			sourceTree = "<group>";
		};
		C6EAB76928A82460000E7AF4 /* Reusables */ = {
			isa = PBXGroup;
			children = (
				C6EAB76A28A82460000E7AF4 /* BindingWrapper.swift */,
			);
			path = Reusables;
			sourceTree = "<group>";
		};
		C6EAB77C28AA926E000E7AF4 /* Views */ = {
			isa = PBXGroup;
			children = (
				C6EAB77D28AA926E000E7AF4 /* Storyboards */,
				C6EAB78228AA926E000E7AF4 /* Scenes */,
				C6EAB79B28AA926E000E7AF4 /* CustomViews */,
			);
			path = Views;
			sourceTree = "<group>";
		};
		C6EAB77D28AA926E000E7AF4 /* Storyboards */ = {
			isa = PBXGroup;
			children = (
				C6EAB77E28AA926E000E7AF4 /* LaunchScreen.storyboard */,
				C6EAB78028AA926E000E7AF4 /* Main.storyboard */,
			);
			path = Storyboards;
			sourceTree = "<group>";
		};
		C6EAB78228AA926E000E7AF4 /* Scenes */ = {
			isa = PBXGroup;
			children = (
				C6EAB78328AA926E000E7AF4 /* LandingScene */,
				C6EAB78F28AA926E000E7AF4 /* DetailScene */,
				C6EAB79A28AA926E000E7AF4 /* BaseVC.swift */,
			);
			path = Scenes;
			sourceTree = "<group>";
		};
		C6EAB78328AA926E000E7AF4 /* LandingScene */ = {
			isa = PBXGroup;
			children = (
				C6EAB78428AA926E000E7AF4 /* ViewModel */,
				C6EAB78628AA926E000E7AF4 /* Cells */,
				C6EAB78A28AA926E000E7AF4 /* ViewController */,
				C6EAB78D28AA926E000E7AF4 /* Router */,
			);
			path = LandingScene;
			sourceTree = "<group>";
		};
		C6EAB78428AA926E000E7AF4 /* ViewModel */ = {
			isa = PBXGroup;
			children = (
				C6EAB78528AA926E000E7AF4 /* LandingViewModel.swift */,
			);
			path = ViewModel;
			sourceTree = "<group>";
		};
		C6EAB78628AA926E000E7AF4 /* Cells */ = {
			isa = PBXGroup;
			children = (
				C6EAB78728AA926E000E7AF4 /* TitleCell */,
			);
			path = Cells;
			sourceTree = "<group>";
		};
		C6EAB78728AA926E000E7AF4 /* TitleCell */ = {
			isa = PBXGroup;
			children = (
				C6EAB78828AA926E000E7AF4 /* TitleTableViewCell.xib */,
				C6EAB78928AA926E000E7AF4 /* TitleTableViewCell.swift */,
			);
			path = TitleCell;
			sourceTree = "<group>";
		};
		C6EAB78A28AA926E000E7AF4 /* ViewController */ = {
			isa = PBXGroup;
			children = (
				C6EAB78B28AA926E000E7AF4 /* LandingListVC+UItableViewExtension.swift */,
				C6EAB78C28AA926E000E7AF4 /* LandingListVC.swift */,
			);
			path = ViewController;
			sourceTree = "<group>";
		};
		C6EAB78D28AA926E000E7AF4 /* Router */ = {
			isa = PBXGroup;
			children = (
				C6EAB78E28AA926E000E7AF4 /* LandingRouter.swift */,
			);
			path = Router;
			sourceTree = "<group>";
		};
		C6EAB78F28AA926E000E7AF4 /* DetailScene */ = {
			isa = PBXGroup;
			children = (
				C6EAB79028AA926E000E7AF4 /* ViewModel */,
				C6EAB79428AA926E000E7AF4 /* Cells */,
				C6EAB79728AA926E000E7AF4 /* ViewController */,
			);
			path = DetailScene;
			sourceTree = "<group>";
		};
		C6EAB79028AA926E000E7AF4 /* ViewModel */ = {
			isa = PBXGroup;
			children = (
				C6EAB79128AA926E000E7AF4 /* PullRequestViewModel */,
				C6EAB79328AA926E000E7AF4 /* DetailListingViewModel.swift */,
			);
			path = ViewModel;
			sourceTree = "<group>";
		};
		C6EAB79128AA926E000E7AF4 /* PullRequestViewModel */ = {
			isa = PBXGroup;
			children = (
				C6EAB79228AA926E000E7AF4 /* PullRequestViewModel.swift */,
			);
			path = PullRequestViewModel;
			sourceTree = "<group>";
		};
		C6EAB79428AA926E000E7AF4 /* Cells */ = {
			isa = PBXGroup;
			children = (
				C6EAB79528AA926E000E7AF4 /* DetailListingCell.xib */,
				C6EAB79628AA926E000E7AF4 /* DetailListingCell.swift */,
			);
			path = Cells;
			sourceTree = "<group>";
		};
		C6EAB79728AA926E000E7AF4 /* ViewController */ = {
			isa = PBXGroup;
			children = (
				C6EAB79828AA926E000E7AF4 /* DetailListingVC.swift */,
				C6EAB79928AA926E000E7AF4 /* DetailListingVC+UITableViewExtension.swift */,
			);
			path = ViewController;
			sourceTree = "<group>";
		};
		C6EAB79B28AA926E000E7AF4 /* CustomViews */ = {
			isa = PBXGroup;
			children = (
				C6EAB79C28AA926E000E7AF4 /* Resusable */,
			);
			path = CustomViews;
			sourceTree = "<group>";
		};
		C6EAB79C28AA926E000E7AF4 /* Resusable */ = {
			isa = PBXGroup;
			children = (
				C6EAB79D28AA926E000E7AF4 /* CustomLabel.swift */,
			);
			path = Resusable;
			sourceTree = "<group>";
		};
		C6EAB79E28AA926E000E7AF4 /* Model */ = {
			isa = PBXGroup;
			children = (
				C6EAB79F28AA926E000E7AF4 /* PRResponse.swift */,
			);
			path = Model;
			sourceTree = "<group>";
		};
		C6EAB7A028AA926E000E7AF4 /* Networking */ = {
			isa = PBXGroup;
			children = (
				C6EAB7A128AA926E000E7AF4 /* ApiConstants.swift */,
				C6EAB7A228AA926E000E7AF4 /* NetworkAdapter.swift */,
				C6EAB7A328AA926E000E7AF4 /* NetworkingEndPoints.swift */,
				C6EAB7A428AA926E000E7AF4 /* WebServices.swift */,
			);
			path = Networking;
			sourceTree = "<group>";
		};
		C6EAB7A528AA926E000E7AF4 /* Resources */ = {
			isa = PBXGroup;
			children = (
				C6EAB7A628AA926E000E7AF4 /* Assets.xcassets */,
				C6EAB7A728AA926E000E7AF4 /* Localizable.strings */,
				C6EAB7A828AA926E000E7AF4 /* Fonts */,
				C6EAB7AF28AA926E000E7AF4 /* Info.plist */,
			);
			path = Resources;
			sourceTree = "<group>";
		};
		C6EAB7A828AA926E000E7AF4 /* Fonts */ = {
			isa = PBXGroup;
			children = (
				C6EAB7A928AA926E000E7AF4 /* Poppins */,
			);
			path = Fonts;
			sourceTree = "<group>";
		};
		C6EAB7A928AA926E000E7AF4 /* Poppins */ = {
			isa = PBXGroup;
			children = (
				C6EAB7AA28AA926E000E7AF4 /* Poppins-BoldItalic.ttf */,
				C6EAB7AB28AA926E000E7AF4 /* Poppins-Medium.ttf */,
				C6EAB7AC28AA926E000E7AF4 /* Poppins-Regular.ttf */,
				C6EAB7AD28AA926E000E7AF4 /* Poppins-SemiBold.ttf */,
				C6EAB7AE28AA926E000E7AF4 /* Poppins-MediumItalic.ttf */,
			);
			path = Poppins;
			sourceTree = "<group>";
		};
		CB8C86611A7A3C182FD9B943 /* Pods */ = {
			isa = PBXGroup;
			children = (
				FF6E55E896B0B5AAD4D30DEA /* Pods-DemoMVVM.debug.xcconfig */,
				A4103D73069128F0A967C7E5 /* Pods-DemoMVVM.release.xcconfig */,
			);
			path = Pods;
			sourceTree = "<group>";
		};
/* End PBXGroup section */

/* Begin PBXNativeTarget section */
		C6EAB71228A815D5000E7AF4 /* DemoMVVM */ = {
			isa = PBXNativeTarget;
			buildConfigurationList = C6EAB73D28A815D6000E7AF4 /* Build configuration list for PBXNativeTarget "DemoMVVM" */;
			buildPhases = (
				B5D29C002F8CD61A653A4FFB /* [CP] Check Pods Manifest.lock */,
				C6EAB70F28A815D5000E7AF4 /* Sources */,
				C6EAB71028A815D5000E7AF4 /* Frameworks */,
				C6EAB71128A815D5000E7AF4 /* Resources */,
				58695C526F2D770F056D086C /* [CP] Embed Pods Frameworks */,
			);
			buildRules = (
			);
			dependencies = (
			);
			name = DemoMVVM;
			productName = DemoMVVM;
			productReference = C6EAB71328A815D5000E7AF4 /* DemoMVVM.app */;
			productType = "com.apple.product-type.application";
		};
		C6EAB72828A815D6000E7AF4 /* DemoMVVMTests */ = {
			isa = PBXNativeTarget;
			buildConfigurationList = C6EAB74028A815D6000E7AF4 /* Build configuration list for PBXNativeTarget "DemoMVVMTests" */;
			buildPhases = (
				C6EAB72528A815D6000E7AF4 /* Sources */,
				C6EAB72628A815D6000E7AF4 /* Frameworks */,
				C6EAB72728A815D6000E7AF4 /* Resources */,
			);
			buildRules = (
			);
			dependencies = (
				C6EAB72B28A815D6000E7AF4 /* PBXTargetDependency */,
			);
			name = DemoMVVMTests;
			productName = DemoMVVMTests;
			productReference = C6EAB72928A815D6000E7AF4 /* DemoMVVMTests.xctest */;
			productType = "com.apple.product-type.bundle.unit-test";
		};
		C6EAB73228A815D6000E7AF4 /* DemoMVVMUITests */ = {
			isa = PBXNativeTarget;
			buildConfigurationList = C6EAB74328A815D6000E7AF4 /* Build configuration list for PBXNativeTarget "DemoMVVMUITests" */;
			buildPhases = (
				C6EAB72F28A815D6000E7AF4 /* Sources */,
				C6EAB73028A815D6000E7AF4 /* Frameworks */,
				C6EAB73128A815D6000E7AF4 /* Resources */,
			);
			buildRules = (
			);
			dependencies = (
				C6EAB73528A815D6000E7AF4 /* PBXTargetDependency */,
			);
			name = DemoMVVMUITests;
			productName = DemoMVVMUITests;
			productReference = C6EAB73328A815D6000E7AF4 /* DemoMVVMUITests.xctest */;
			productType = "com.apple.product-type.bundle.ui-testing";
		};
/* End PBXNativeTarget section */

/* Begin PBXProject section */
		C6EAB70B28A815D5000E7AF4 /* Project object */ = {
			isa = PBXProject;
			attributes = {
				BuildIndependentTargetsInParallel = 1;
				LastSwiftUpdateCheck = 1320;
				LastUpgradeCheck = 1320;
				TargetAttributes = {
					C6EAB71228A815D5000E7AF4 = {
						CreatedOnToolsVersion = 13.2.1;
					};
					C6EAB72828A815D6000E7AF4 = {
						CreatedOnToolsVersion = 13.2.1;
						TestTargetID = C6EAB71228A815D5000E7AF4;
					};
					C6EAB73228A815D6000E7AF4 = {
						CreatedOnToolsVersion = 13.2.1;
						TestTargetID = C6EAB71228A815D5000E7AF4;
					};
				};
			};
			buildConfigurationList = C6EAB70E28A815D5000E7AF4 /* Build configuration list for PBXProject "DemoMVVM" */;
			compatibilityVersion = "Xcode 13.0";
			developmentRegion = en;
			hasScannedForEncodings = 0;
			knownRegions = (
				en,
				Base,
			);
			mainGroup = C6EAB70A28A815D5000E7AF4;
			productRefGroup = C6EAB71428A815D5000E7AF4 /* Products */;
			projectDirPath = "";
			projectRoot = "";
			targets = (
				C6EAB71228A815D5000E7AF4 /* DemoMVVM */,
				C6EAB72828A815D6000E7AF4 /* DemoMVVMTests */,
				C6EAB73228A815D6000E7AF4 /* DemoMVVMUITests */,
			);
		};
/* End PBXProject section */

/* Begin PBXResourcesBuildPhase section */
		C6EAB71128A815D5000E7AF4 /* Resources */ = {
			isa = PBXResourcesBuildPhase;
			buildActionMask = 2147483647;
			files = (
				C6EAB7B128AA926E000E7AF4 /* Main.storyboard in Resources */,
				C6EAB7C528AA926E000E7AF4 /* Assets.xcassets in Resources */,
				C6EAB7CA28AA926E000E7AF4 /* Poppins-SemiBold.ttf in Resources */,
				C6EAB7BA28AA926E000E7AF4 /* DetailListingCell.xib in Resources */,
				C6EAB7C728AA926E000E7AF4 /* Poppins-BoldItalic.ttf in Resources */,
				C6EAB7B328AA926E000E7AF4 /* TitleTableViewCell.xib in Resources */,
				C6EAB7C628AA926E000E7AF4 /* Localizable.strings in Resources */,
				C6EAB7C828AA926E000E7AF4 /* Poppins-Medium.ttf in Resources */,
				C6EAB7B028AA926E000E7AF4 /* LaunchScreen.storyboard in Resources */,
				C6EAB7C928AA926E000E7AF4 /* Poppins-Regular.ttf in Resources */,
				C6EAB7CB28AA926E000E7AF4 /* Poppins-MediumItalic.ttf in Resources */,
			);
			runOnlyForDeploymentPostprocessing = 0;
		};
		C6EAB72728A815D6000E7AF4 /* Resources */ = {
			isa = PBXResourcesBuildPhase;
			buildActionMask = 2147483647;
			files = (
			);
			runOnlyForDeploymentPostprocessing = 0;
		};
		C6EAB73128A815D6000E7AF4 /* Resources */ = {
			isa = PBXResourcesBuildPhase;
			buildActionMask = 2147483647;
			files = (
			);
			runOnlyForDeploymentPostprocessing = 0;
		};
/* End PBXResourcesBuildPhase section */

/* Begin PBXShellScriptBuildPhase section */
		58695C526F2D770F056D086C /* [CP] Embed Pods Frameworks */ = {
			isa = PBXShellScriptBuildPhase;
			buildActionMask = 2147483647;
			files = (
			);
			inputFileListPaths = (
				"${PODS_ROOT}/Target Support Files/Pods-DemoMVVM/Pods-DemoMVVM-frameworks-${CONFIGURATION}-input-files.xcfilelist",
			);
			name = "[CP] Embed Pods Frameworks";
			outputFileListPaths = (
				"${PODS_ROOT}/Target Support Files/Pods-DemoMVVM/Pods-DemoMVVM-frameworks-${CONFIGURATION}-output-files.xcfilelist",
			);
			runOnlyForDeploymentPostprocessing = 0;
			shellPath = /bin/sh;
			shellScript = "\"${PODS_ROOT}/Target Support Files/Pods-DemoMVVM/Pods-DemoMVVM-frameworks.sh\"\n";
			showEnvVarsInLog = 0;
		};
		B5D29C002F8CD61A653A4FFB /* [CP] Check Pods Manifest.lock */ = {
			isa = PBXShellScriptBuildPhase;
			buildActionMask = 2147483647;
			files = (
			);
			inputFileListPaths = (
			);
			inputPaths = (
				"${PODS_PODFILE_DIR_PATH}/Podfile.lock",
				"${PODS_ROOT}/Manifest.lock",
			);
			name = "[CP] Check Pods Manifest.lock";
			outputFileListPaths = (
			);
			outputPaths = (
				"$(DERIVED_FILE_DIR)/Pods-DemoMVVM-checkManifestLockResult.txt",
			);
			runOnlyForDeploymentPostprocessing = 0;
			shellPath = /bin/sh;
			shellScript = "diff \"${PODS_PODFILE_DIR_PATH}/Podfile.lock\" \"${PODS_ROOT}/Manifest.lock\" > /dev/null\nif [ $? != 0 ] ; then\n    # print error to STDERR\n    echo \"error: The sandbox is not in sync with the Podfile.lock. Run 'pod install' or update your CocoaPods installation.\" >&2\n    exit 1\nfi\n# This output is used by Xcode 'outputs' to avoid re-running this script phase.\necho \"SUCCESS\" > \"${SCRIPT_OUTPUT_FILE_0}\"\n";
			showEnvVarsInLog = 0;
		};
/* End PBXShellScriptBuildPhase section */

/* Begin PBXSourcesBuildPhase section */
		C6EAB70F28A815D5000E7AF4 /* Sources */ = {
			isa = PBXSourcesBuildPhase;
			buildActionMask = 2147483647;
			files = (
				C6EAB7BF28AA926E000E7AF4 /* CustomLabel.swift in Sources */,
				C6EAB77028A82460000E7AF4 /* AppImages.swift in Sources */,
				C6EAB77628A82460000E7AF4 /* BindingWrapper.swift in Sources */,
				C6EAB77528A82460000E7AF4 /* AppFonts.swift in Sources */,
				C6EAB77428A82460000E7AF4 /* AppLoader.swift in Sources */,
				C6EAB7B428AA926E000E7AF4 /* TitleTableViewCell.swift in Sources */,
				C6EAB7BD28AA926E000E7AF4 /* DetailListingVC+UITableViewExtension.swift in Sources */,
				C6EAB7B928AA926E000E7AF4 /* DetailListingViewModel.swift in Sources */,
				C6EAB71728A815D5000E7AF4 /* AppDelegate.swift in Sources */,
				C6EAB7BB28AA926E000E7AF4 /* DetailListingCell.swift in Sources */,
				C6EAB7B828AA926E000E7AF4 /* PullRequestViewModel.swift in Sources */,
				C6EAB76E28A82460000E7AF4 /* UITableView+Extension.swift in Sources */,
				C6EAB76B28A82460000E7AF4 /* UIView+Extension.swift in Sources */,
				C6EAB7C428AA926E000E7AF4 /* WebServices.swift in Sources */,
				C6EAB7C128AA926E000E7AF4 /* ApiConstants.swift in Sources */,
				C6EAB76C28A82460000E7AF4 /* UIViewController+Extension.swift in Sources */,
				C6EAB77128A82460000E7AF4 /* Storyboard.swift in Sources */,
				C6EAB7B228AA926E000E7AF4 /* LandingViewModel.swift in Sources */,
				C6EAB7B528AA926E000E7AF4 /* LandingListVC+UItableViewExtension.swift in Sources */,
				C6EAB77328A82460000E7AF4 /* AppConstants.swift in Sources */,
				C6EAB76F28A82460000E7AF4 /* AppColors.swift in Sources */,
				C6EAB7C028AA926E000E7AF4 /* PRResponse.swift in Sources */,
				C6EAB76D28A82460000E7AF4 /* String+Extension.swift in Sources */,
				C6EAB7C328AA926E000E7AF4 /* NetworkingEndPoints.swift in Sources */,
				C6EAB7B728AA926E000E7AF4 /* LandingRouter.swift in Sources */,
				C6EAB7C228AA926E000E7AF4 /* NetworkAdapter.swift in Sources */,
				C6EAB7BE28AA926E000E7AF4 /* BaseVC.swift in Sources */,
				C6EAB77228A82460000E7AF4 /* AppEnums.swift in Sources */,
				C6EAB71928A815D5000E7AF4 /* SceneDelegate.swift in Sources */,
				C6EAB7BC28AA926E000E7AF4 /* DetailListingVC.swift in Sources */,
				C6EAB7B628AA926E000E7AF4 /* LandingListVC.swift in Sources */,
			);
			runOnlyForDeploymentPostprocessing = 0;
		};
		C6EAB72528A815D6000E7AF4 /* Sources */ = {
			isa = PBXSourcesBuildPhase;
			buildActionMask = 2147483647;
			files = (
				C6EAB72E28A815D6000E7AF4 /* DemoMVVMTests.swift in Sources */,
			);
			runOnlyForDeploymentPostprocessing = 0;
		};
		C6EAB72F28A815D6000E7AF4 /* Sources */ = {
			isa = PBXSourcesBuildPhase;
			buildActionMask = 2147483647;
			files = (
				C6EAB73A28A815D6000E7AF4 /* DemoMVVMUITestsLaunchTests.swift in Sources */,
				C6EAB73828A815D6000E7AF4 /* DemoMVVMUITests.swift in Sources */,
			);
			runOnlyForDeploymentPostprocessing = 0;
		};
/* End PBXSourcesBuildPhase section */

/* Begin PBXTargetDependency section */
		C6EAB72B28A815D6000E7AF4 /* PBXTargetDependency */ = {
			isa = PBXTargetDependency;
			target = C6EAB71228A815D5000E7AF4 /* DemoMVVM */;
			targetProxy = C6EAB72A28A815D6000E7AF4 /* PBXContainerItemProxy */;
		};
		C6EAB73528A815D6000E7AF4 /* PBXTargetDependency */ = {
			isa = PBXTargetDependency;
			target = C6EAB71228A815D5000E7AF4 /* DemoMVVM */;
			targetProxy = C6EAB73428A815D6000E7AF4 /* PBXContainerItemProxy */;
		};
/* End PBXTargetDependency section */

/* Begin PBXVariantGroup section */
		C6EAB77E28AA926E000E7AF4 /* LaunchScreen.storyboard */ = {
			isa = PBXVariantGroup;
			children = (
				C6EAB77F28AA926E000E7AF4 /* Base */,
			);
			name = LaunchScreen.storyboard;
			sourceTree = "<group>";
		};
		C6EAB78028AA926E000E7AF4 /* Main.storyboard */ = {
			isa = PBXVariantGroup;
			children = (
				C6EAB78128AA926E000E7AF4 /* Base */,
			);
			name = Main.storyboard;
			sourceTree = "<group>";
		};
/* End PBXVariantGroup section */

/* Begin XCBuildConfiguration section */
		C6EAB73B28A815D6000E7AF4 /* Debug */ = {
			isa = XCBuildConfiguration;
			buildSettings = {
				ALWAYS_SEARCH_USER_PATHS = NO;
				CLANG_ANALYZER_NONNULL = YES;
				CLANG_ANALYZER_NUMBER_OBJECT_CONVERSION = YES_AGGRESSIVE;
				CLANG_CXX_LANGUAGE_STANDARD = "gnu++17";
				CLANG_CXX_LIBRARY = "libc++";
				CLANG_ENABLE_MODULES = YES;
				CLANG_ENABLE_OBJC_ARC = YES;
				CLANG_ENABLE_OBJC_WEAK = YES;
				CLANG_WARN_BLOCK_CAPTURE_AUTORELEASING = YES;
				CLANG_WARN_BOOL_CONVERSION = YES;
				CLANG_WARN_COMMA = YES;
				CLANG_WARN_CONSTANT_CONVERSION = YES;
				CLANG_WARN_DEPRECATED_OBJC_IMPLEMENTATIONS = YES;
				CLANG_WARN_DIRECT_OBJC_ISA_USAGE = YES_ERROR;
				CLANG_WARN_DOCUMENTATION_COMMENTS = YES;
				CLANG_WARN_EMPTY_BODY = YES;
				CLANG_WARN_ENUM_CONVERSION = YES;
				CLANG_WARN_INFINITE_RECURSION = YES;
				CLANG_WARN_INT_CONVERSION = YES;
				CLANG_WARN_NON_LITERAL_NULL_CONVERSION = YES;
				CLANG_WARN_OBJC_IMPLICIT_RETAIN_SELF = YES;
				CLANG_WARN_OBJC_LITERAL_CONVERSION = YES;
				CLANG_WARN_OBJC_ROOT_CLASS = YES_ERROR;
				CLANG_WARN_QUOTED_INCLUDE_IN_FRAMEWORK_HEADER = YES;
				CLANG_WARN_RANGE_LOOP_ANALYSIS = YES;
				CLANG_WARN_STRICT_PROTOTYPES = YES;
				CLANG_WARN_SUSPICIOUS_MOVE = YES;
				CLANG_WARN_UNGUARDED_AVAILABILITY = YES_AGGRESSIVE;
				CLANG_WARN_UNREACHABLE_CODE = YES;
				CLANG_WARN__DUPLICATE_METHOD_MATCH = YES;
				COPY_PHASE_STRIP = NO;
				DEBUG_INFORMATION_FORMAT = dwarf;
				ENABLE_STRICT_OBJC_MSGSEND = YES;
				ENABLE_TESTABILITY = YES;
				GCC_C_LANGUAGE_STANDARD = gnu11;
				GCC_DYNAMIC_NO_PIC = NO;
				GCC_NO_COMMON_BLOCKS = YES;
				GCC_OPTIMIZATION_LEVEL = 0;
				GCC_PREPROCESSOR_DEFINITIONS = (
					"DEBUG=1",
					"$(inherited)",
				);
				GCC_WARN_64_TO_32_BIT_CONVERSION = YES;
				GCC_WARN_ABOUT_RETURN_TYPE = YES_ERROR;
				GCC_WARN_UNDECLARED_SELECTOR = YES;
				GCC_WARN_UNINITIALIZED_AUTOS = YES_AGGRESSIVE;
				GCC_WARN_UNUSED_FUNCTION = YES;
				GCC_WARN_UNUSED_VARIABLE = YES;
				IPHONEOS_DEPLOYMENT_TARGET = 15.2;
				MTL_ENABLE_DEBUG_INFO = INCLUDE_SOURCE;
				MTL_FAST_MATH = YES;
				ONLY_ACTIVE_ARCH = YES;
				SDKROOT = iphoneos;
				SWIFT_ACTIVE_COMPILATION_CONDITIONS = DEBUG;
				SWIFT_OPTIMIZATION_LEVEL = "-Onone";
			};
			name = Debug;
		};
		C6EAB73C28A815D6000E7AF4 /* Release */ = {
			isa = XCBuildConfiguration;
			buildSettings = {
				ALWAYS_SEARCH_USER_PATHS = NO;
				CLANG_ANALYZER_NONNULL = YES;
				CLANG_ANALYZER_NUMBER_OBJECT_CONVERSION = YES_AGGRESSIVE;
				CLANG_CXX_LANGUAGE_STANDARD = "gnu++17";
				CLANG_CXX_LIBRARY = "libc++";
				CLANG_ENABLE_MODULES = YES;
				CLANG_ENABLE_OBJC_ARC = YES;
				CLANG_ENABLE_OBJC_WEAK = YES;
				CLANG_WARN_BLOCK_CAPTURE_AUTORELEASING = YES;
				CLANG_WARN_BOOL_CONVERSION = YES;
				CLANG_WARN_COMMA = YES;
				CLANG_WARN_CONSTANT_CONVERSION = YES;
				CLANG_WARN_DEPRECATED_OBJC_IMPLEMENTATIONS = YES;
				CLANG_WARN_DIRECT_OBJC_ISA_USAGE = YES_ERROR;
				CLANG_WARN_DOCUMENTATION_COMMENTS = YES;
				CLANG_WARN_EMPTY_BODY = YES;
				CLANG_WARN_ENUM_CONVERSION = YES;
				CLANG_WARN_INFINITE_RECURSION = YES;
				CLANG_WARN_INT_CONVERSION = YES;
				CLANG_WARN_NON_LITERAL_NULL_CONVERSION = YES;
				CLANG_WARN_OBJC_IMPLICIT_RETAIN_SELF = YES;
				CLANG_WARN_OBJC_LITERAL_CONVERSION = YES;
				CLANG_WARN_OBJC_ROOT_CLASS = YES_ERROR;
				CLANG_WARN_QUOTED_INCLUDE_IN_FRAMEWORK_HEADER = YES;
				CLANG_WARN_RANGE_LOOP_ANALYSIS = YES;
				CLANG_WARN_STRICT_PROTOTYPES = YES;
				CLANG_WARN_SUSPICIOUS_MOVE = YES;
				CLANG_WARN_UNGUARDED_AVAILABILITY = YES_AGGRESSIVE;
				CLANG_WARN_UNREACHABLE_CODE = YES;
				CLANG_WARN__DUPLICATE_METHOD_MATCH = YES;
				COPY_PHASE_STRIP = NO;
				DEBUG_INFORMATION_FORMAT = "dwarf-with-dsym";
				ENABLE_NS_ASSERTIONS = NO;
				ENABLE_STRICT_OBJC_MSGSEND = YES;
				GCC_C_LANGUAGE_STANDARD = gnu11;
				GCC_NO_COMMON_BLOCKS = YES;
				GCC_WARN_64_TO_32_BIT_CONVERSION = YES;
				GCC_WARN_ABOUT_RETURN_TYPE = YES_ERROR;
				GCC_WARN_UNDECLARED_SELECTOR = YES;
				GCC_WARN_UNINITIALIZED_AUTOS = YES_AGGRESSIVE;
				GCC_WARN_UNUSED_FUNCTION = YES;
				GCC_WARN_UNUSED_VARIABLE = YES;
				IPHONEOS_DEPLOYMENT_TARGET = 15.2;
				MTL_ENABLE_DEBUG_INFO = NO;
				MTL_FAST_MATH = YES;
				SDKROOT = iphoneos;
				SWIFT_COMPILATION_MODE = wholemodule;
				SWIFT_OPTIMIZATION_LEVEL = "-O";
				VALIDATE_PRODUCT = YES;
			};
			name = Release;
		};
		C6EAB73E28A815D6000E7AF4 /* Debug */ = {
			isa = XCBuildConfiguration;
			baseConfigurationReference = FF6E55E896B0B5AAD4D30DEA /* Pods-DemoMVVM.debug.xcconfig */;
			buildSettings = {
				ASSETCATALOG_COMPILER_APPICON_NAME = AppIcon;
				ASSETCATALOG_COMPILER_GLOBAL_ACCENT_COLOR_NAME = AccentColor;
				CODE_SIGN_IDENTITY = "Apple Development";
				CODE_SIGN_STYLE = Automatic;
				CURRENT_PROJECT_VERSION = 1;
				DEVELOPMENT_TEAM = "";
				GENERATE_INFOPLIST_FILE = NO;
				INFOPLIST_FILE = DemoMVVM/Resources/Info.plist;
				INFOPLIST_KEY_UIApplicationSupportsIndirectInputEvents = YES;
				INFOPLIST_KEY_UILaunchStoryboardName = LaunchScreen;
				INFOPLIST_KEY_UIMainStoryboardFile = Main;
				INFOPLIST_KEY_UISupportedInterfaceOrientations_iPad = "UIInterfaceOrientationPortrait UIInterfaceOrientationPortraitUpsideDown UIInterfaceOrientationLandscapeLeft UIInterfaceOrientationLandscapeRight";
				INFOPLIST_KEY_UISupportedInterfaceOrientations_iPhone = "UIInterfaceOrientationPortrait UIInterfaceOrientationLandscapeLeft UIInterfaceOrientationLandscapeRight";
				LD_RUNPATH_SEARCH_PATHS = (
					"$(inherited)",
					"@executable_path/Frameworks",
				);
				MARKETING_VERSION = 1.0;
				PRODUCT_BUNDLE_IDENTIFIER = com.navi.DemoMVVM;
				PRODUCT_NAME = "$(TARGET_NAME)";
				PROVISIONING_PROFILE_SPECIFIER = "";
				SWIFT_EMIT_LOC_STRINGS = YES;
				SWIFT_VERSION = 5.0;
				TARGETED_DEVICE_FAMILY = 1;
			};
			name = Debug;
		};
		C6EAB73F28A815D6000E7AF4 /* Release */ = {
			isa = XCBuildConfiguration;
			baseConfigurationReference = A4103D73069128F0A967C7E5 /* Pods-DemoMVVM.release.xcconfig */;
			buildSettings = {
				ASSETCATALOG_COMPILER_APPICON_NAME = AppIcon;
				ASSETCATALOG_COMPILER_GLOBAL_ACCENT_COLOR_NAME = AccentColor;
				CODE_SIGN_IDENTITY = "Apple Development";
				CODE_SIGN_STYLE = Automatic;
				CURRENT_PROJECT_VERSION = 1;
				DEVELOPMENT_TEAM = "";
				GENERATE_INFOPLIST_FILE = NO;
				INFOPLIST_FILE = DemoMVVM/Resources/Info.plist;
				INFOPLIST_KEY_UIApplicationSupportsIndirectInputEvents = YES;
				INFOPLIST_KEY_UILaunchStoryboardName = LaunchScreen;
				INFOPLIST_KEY_UIMainStoryboardFile = Main;
				INFOPLIST_KEY_UISupportedInterfaceOrientations_iPad = "UIInterfaceOrientationPortrait UIInterfaceOrientationPortraitUpsideDown UIInterfaceOrientationLandscapeLeft UIInterfaceOrientationLandscapeRight";
				INFOPLIST_KEY_UISupportedInterfaceOrientations_iPhone = "UIInterfaceOrientationPortrait UIInterfaceOrientationLandscapeLeft UIInterfaceOrientationLandscapeRight";
				LD_RUNPATH_SEARCH_PATHS = (
					"$(inherited)",
					"@executable_path/Frameworks",
				);
				MARKETING_VERSION = 1.0;
				PRODUCT_BUNDLE_IDENTIFIER = com.navi.DemoMVVM;
				PRODUCT_NAME = "$(TARGET_NAME)";
				PROVISIONING_PROFILE_SPECIFIER = "";
				SWIFT_EMIT_LOC_STRINGS = YES;
				SWIFT_VERSION = 5.0;
				TARGETED_DEVICE_FAMILY = 1;
			};
			name = Release;
		};
		C6EAB74128A815D6000E7AF4 /* Debug */ = {
			isa = XCBuildConfiguration;
			buildSettings = {
				ALWAYS_EMBED_SWIFT_STANDARD_LIBRARIES = YES;
				BUNDLE_LOADER = "$(TEST_HOST)";
				CODE_SIGN_STYLE = Automatic;
				CURRENT_PROJECT_VERSION = 1;
				GENERATE_INFOPLIST_FILE = YES;
				IPHONEOS_DEPLOYMENT_TARGET = 15.2;
				MARKETING_VERSION = 1.0;
				PRODUCT_BUNDLE_IDENTIFIER = com.navi.DemoMVVMTests;
				PRODUCT_NAME = "$(TARGET_NAME)";
				SWIFT_EMIT_LOC_STRINGS = NO;
				SWIFT_VERSION = 5.0;
				TARGETED_DEVICE_FAMILY = "1,2";
				TEST_HOST = "$(BUILT_PRODUCTS_DIR)/DemoMVVM.app/DemoMVVM";
			};
			name = Debug;
		};
		C6EAB74228A815D6000E7AF4 /* Release */ = {
			isa = XCBuildConfiguration;
			buildSettings = {
				ALWAYS_EMBED_SWIFT_STANDARD_LIBRARIES = YES;
				BUNDLE_LOADER = "$(TEST_HOST)";
				CODE_SIGN_STYLE = Automatic;
				CURRENT_PROJECT_VERSION = 1;
				GENERATE_INFOPLIST_FILE = YES;
				IPHONEOS_DEPLOYMENT_TARGET = 15.2;
				MARKETING_VERSION = 1.0;
				PRODUCT_BUNDLE_IDENTIFIER = com.navi.DemoMVVMTests;
				PRODUCT_NAME = "$(TARGET_NAME)";
				SWIFT_EMIT_LOC_STRINGS = NO;
				SWIFT_VERSION = 5.0;
				TARGETED_DEVICE_FAMILY = "1,2";
				TEST_HOST = "$(BUILT_PRODUCTS_DIR)/DemoMVVM.app/DemoMVVM";
			};
			name = Release;
		};
		C6EAB74428A815D6000E7AF4 /* Debug */ = {
			isa = XCBuildConfiguration;
			buildSettings = {
				ALWAYS_EMBED_SWIFT_STANDARD_LIBRARIES = YES;
				CODE_SIGN_STYLE = Automatic;
				CURRENT_PROJECT_VERSION = 1;
				GENERATE_INFOPLIST_FILE = YES;
				MARKETING_VERSION = 1.0;
				PRODUCT_BUNDLE_IDENTIFIER = com.navi.DemoMVVMUITests;
				PRODUCT_NAME = "$(TARGET_NAME)";
				SWIFT_EMIT_LOC_STRINGS = NO;
				SWIFT_VERSION = 5.0;
				TARGETED_DEVICE_FAMILY = "1,2";
				TEST_TARGET_NAME = DemoMVVM;
			};
			name = Debug;
		};
		C6EAB74528A815D6000E7AF4 /* Release */ = {
			isa = XCBuildConfiguration;
			buildSettings = {
				ALWAYS_EMBED_SWIFT_STANDARD_LIBRARIES = YES;
				CODE_SIGN_STYLE = Automatic;
				CURRENT_PROJECT_VERSION = 1;
				GENERATE_INFOPLIST_FILE = YES;
				MARKETING_VERSION = 1.0;
				PRODUCT_BUNDLE_IDENTIFIER = com.navi.DemoMVVMUITests;
				PRODUCT_NAME = "$(TARGET_NAME)";
				SWIFT_EMIT_LOC_STRINGS = NO;
				SWIFT_VERSION = 5.0;
				TARGETED_DEVICE_FAMILY = "1,2";
				TEST_TARGET_NAME = DemoMVVM;
			};
			name = Release;
		};
/* End XCBuildConfiguration section */

/* Begin XCConfigurationList section */
		C6EAB70E28A815D5000E7AF4 /* Build configuration list for PBXProject "DemoMVVM" */ = {
			isa = XCConfigurationList;
			buildConfigurations = (
				C6EAB73B28A815D6000E7AF4 /* Debug */,
				C6EAB73C28A815D6000E7AF4 /* Release */,
			);
			defaultConfigurationIsVisible = 0;
			defaultConfigurationName = Release;
		};
		C6EAB73D28A815D6000E7AF4 /* Build configuration list for PBXNativeTarget "DemoMVVM" */ = {
			isa = XCConfigurationList;
			buildConfigurations = (
				C6EAB73E28A815D6000E7AF4 /* Debug */,
				C6EAB73F28A815D6000E7AF4 /* Release */,
			);
			defaultConfigurationIsVisible = 0;
			defaultConfigurationName = Release;
		};
		C6EAB74028A815D6000E7AF4 /* Build configuration list for PBXNativeTarget "DemoMVVMTests" */ = {
			isa = XCConfigurationList;
			buildConfigurations = (
				C6EAB74128A815D6000E7AF4 /* Debug */,
				C6EAB74228A815D6000E7AF4 /* Release */,
			);
			defaultConfigurationIsVisible = 0;
			defaultConfigurationName = Release;
		};
		C6EAB74328A815D6000E7AF4 /* Build configuration list for PBXNativeTarget "DemoMVVMUITests" */ = {
			isa = XCConfigurationList;
			buildConfigurations = (
				C6EAB74428A815D6000E7AF4 /* Debug */,
				C6EAB74528A815D6000E7AF4 /* Release */,
			);
			defaultConfigurationIsVisible = 0;
			defaultConfigurationName = Release;
		};
/* End XCConfigurationList section */
	};
	rootObject = C6EAB70B28A815D5000E7AF4 /* Project object */;
}
